{
  "name": "webapp",
  "lockfileVersion": 3,
  "requires": true,
  "packages": {
    "": {
      "dependencies": {
        "github-markdown-css": "^5.8.1",
        "highlight.js": "^11.11.1",
        "marked": "^15.0.7",
        "mathjax": "^3.2.2"
      }
    },
    "node_modules/github-markdown-css": {
      "version": "5.8.1",
      "resolved": "https://registry.npmjs.org/github-markdown-css/-/github-markdown-css-5.8.1.tgz",
      "integrity": "sha512-8G+PFvqigBQSWLQjyzgpa2ThD9bo7+kDsriUIidGcRhXgmcaAWUIpCZf8DavJgc+xifjbCG+GvMyWr0XMXmc7g==",
      "license": "MIT",
      "engines": {
        "node": ">=10"
      },
      "funding": {
        "url": "https://github.com/sponsors/sindresorhus"
      }
    },
    "node_modules/highlight.js": {
      "version": "11.11.1",
      "resolved": "https://registry.npmjs.org/highlight.js/-/highlight.js-11.11.1.tgz",
      "integrity": "sha512-Xwwo44whKBVCYoliBQwaPvtd/2tYFkRQtXDWj1nackaV2JPXx3L0+Jvd8/qCJ2p+ML0/XVkJ2q+Mr+UVdpJK5w==",
      "license": "BSD-3-Clause",
      "engines": {
        "node": ">=12.0.0"
      }
    },
    "node_modules/marked": {
      "version": "15.0.7",
      "resolved": "https://registry.npmjs.org/marked/-/marked-15.0.7.tgz",
      "integrity": "sha512-dgLIeKGLx5FwziAnsk4ONoGwHwGPJzselimvlVskE9XLN4Orv9u2VA3GWw/lYUqjfA0rUT/6fqKwfZJapP9BEg==",
      "license": "MIT",
      "bin": {
        "marked": "bin/marked.js"
      },
      "engines": {
        "node": ">= 18"
      }
    },
    "node_modules/mathjax": {
      "version": "3.2.2",
      "resolved": "https://registry.npmjs.org/mathjax/-/mathjax-3.2.2.tgz",
      "integrity": "sha512-Bt+SSVU8eBG27zChVewOicYs7Xsdt40qm4+UpHyX7k0/O9NliPc+x77k1/FEsPsjKPZGJvtRZM1vO+geW0OhGw==",
      "license": "Apache-2.0"
    }
  }
}
